
Microsoft Visual Studio Solution File, Format Version 12.00
# Visual Studio Version 16
VisualStudioVersion = 16.0.31729.503
MinimumVisualStudioVersion = 10.0.40219.1
Project("{FAE04EC0-301F-11D3-BF4B-00C04F79EFBC}") = "MedHub", "MedHub\MedHub.csproj", "{0F972FDF-4F73-47AB-B8ED-94EE2B716B21}"
EndProject
Global
	GlobalSection(SolutionConfigurationPlatforms) = preSolution
		Debug|Any CPU = Debug|Any CPU
		Release|Any CPU = Release|Any CPU
	EndGlobalSection
	GlobalSection(ProjectConfigurationPlatforms) = postSolution
		{0F972FDF-4F73-47AB-B8ED-94EE2B716B21}.Debug|Any CPU.ActiveCfg = Debug|Any CPU
		{0F972FDF-4F73-47AB-B8ED-94EE2B716B21}.Debug|Any CPU.Build.0 = Debug|Any CPU
		{0F972FDF-4F73-47AB-B8ED-94EE2B716B21}.Release|Any CPU.ActiveCfg = Release|Any CPU
		{0F972FDF-4F73-47AB-B8ED-94EE2B716B21}.Release|Any CPU.Build.0 = Release|Any CPU
	EndGlobalSection
	GlobalSection(SolutionProperties) = preSolution
		HideSolutionNode = FALSE
	EndGlobalSection
	GlobalSection(ExtensibilityGlobals) = postSolution
		SolutionGuid = {57C66F3F-B361-4FA3-8393-155BBE59D394}
	EndGlobalSection
EndGlobal
